// !$*UTF8*$!
{
	archiveVersion = 1;
	classes = {
	};
	objectVersion = 56;
	objects = {

/* Begin PBXBuildFile section */
		61363F152C6DF55C009B98DD /* GitHubUsersListTestApp.swift in Sources */ = {isa = PBXBuildFile; fileRef = 61363F142C6DF55C009B98DD /* GitHubUsersListTestApp.swift */; };
		61363F172C6DF55C009B98DD /* ContentView.swift in Sources */ = {isa = PBXBuildFile; fileRef = 61363F162C6DF55C009B98DD /* ContentView.swift */; };
		61363F192C6DF55F009B98DD /* Assets.xcassets in Resources */ = {isa = PBXBuildFile; fileRef = 61363F182C6DF55F009B98DD /* Assets.xcassets */; };
		61363F1C2C6DF55F009B98DD /* Preview Assets.xcassets in Resources */ = {isa = PBXBuildFile; fileRef = 61363F1B2C6DF55F009B98DD /* Preview Assets.xcassets */; };
		61363F262C6DF88F009B98DD /* GitHubUser.swift in Sources */ = {isa = PBXBuildFile; fileRef = 61363F252C6DF88F009B98DD /* GitHubUser.swift */; };
		61363F2A2C6E0CDA009B98DD /* GitHubUserViewModel.swift in Sources */ = {isa = PBXBuildFile; fileRef = 61363F292C6E0CDA009B98DD /* GitHubUserViewModel.swift */; };
		61363F2C2C6E0D72009B98DD /* GitHubUserDetail.swift in Sources */ = {isa = PBXBuildFile; fileRef = 61363F2B2C6E0D72009B98DD /* GitHubUserDetail.swift */; };
		61363F2E2C6E0DC5009B98DD /* GitHubUserDetailViewModel.swift in Sources */ = {isa = PBXBuildFile; fileRef = 61363F2D2C6E0DC5009B98DD /* GitHubUserDetailViewModel.swift */; };
		61363F302C6E0E56009B98DD /* GitHubUserDetailView.swift in Sources */ = {isa = PBXBuildFile; fileRef = 61363F2F2C6E0E56009B98DD /* GitHubUserDetailView.swift */; };
		61363F342C6ED821009B98DD /* NetworkMonitor.swift in Sources */ = {isa = PBXBuildFile; fileRef = 61363F332C6ED821009B98DD /* NetworkMonitor.swift */; };
/* End PBXBuildFile section */

/* Begin PBXFileReference section */
		61363F112C6DF55C009B98DD /* GitHubUsersListTest.app */ = {isa = PBXFileReference; explicitFileType = wrapper.application; includeInIndex = 0; path = GitHubUsersListTest.app; sourceTree = BUILT_PRODUCTS_DIR; };
		61363F142C6DF55C009B98DD /* GitHubUsersListTestApp.swift */ = {isa = PBXFileReference; lastKnownFileType = sourcecode.swift; path = GitHubUsersListTestApp.swift; sourceTree = "<group>"; };
		61363F162C6DF55C009B98DD /* ContentView.swift */ = {isa = PBXFileReference; lastKnownFileType = sourcecode.swift; path = ContentView.swift; sourceTree = "<group>"; };
		61363F182C6DF55F009B98DD /* Assets.xcassets */ = {isa = PBXFileReference; lastKnownFileType = folder.assetcatalog; path = Assets.xcassets; sourceTree = "<group>"; };
		61363F1B2C6DF55F009B98DD /* Preview Assets.xcassets */ = {isa = PBXFileReference; lastKnownFileType = folder.assetcatalog; path = "Preview Assets.xcassets"; sourceTree = "<group>"; };
		61363F252C6DF88F009B98DD /* GitHubUser.swift */ = {isa = PBXFileReference; lastKnownFileType = sourcecode.swift; path = GitHubUser.swift; sourceTree = "<group>"; };
		61363F292C6E0CDA009B98DD /* GitHubUserViewModel.swift */ = {isa = PBXFileReference; lastKnownFileType = sourcecode.swift; path = GitHubUserViewModel.swift; sourceTree = "<group>"; };
		61363F2B2C6E0D72009B98DD /* GitHubUserDetail.swift */ = {isa = PBXFileReference; lastKnownFileType = sourcecode.swift; path = GitHubUserDetail.swift; sourceTree = "<group>"; };
		61363F2D2C6E0DC5009B98DD /* GitHubUserDetailViewModel.swift */ = {isa = PBXFileReference; lastKnownFileType = sourcecode.swift; path = GitHubUserDetailViewModel.swift; sourceTree = "<group>"; };
		61363F2F2C6E0E56009B98DD /* GitHubUserDetailView.swift */ = {isa = PBXFileReference; lastKnownFileType = sourcecode.swift; path = GitHubUserDetailView.swift; sourceTree = "<group>"; };
		61363F332C6ED821009B98DD /* NetworkMonitor.swift */ = {isa = PBXFileReference; lastKnownFileType = sourcecode.swift; path = NetworkMonitor.swift; sourceTree = "<group>"; };
/* End PBXFileReference section */

/* Begin PBXFrameworksBuildPhase section */
		61363F0E2C6DF55C009B98DD /* Frameworks */ = {
			isa = PBXFrameworksBuildPhase;
			buildActionMask = 2147483647;
			files = (
			);
			runOnlyForDeploymentPostprocessing = 0;
		};
/* End PBXFrameworksBuildPhase section */

/* Begin PBXGroup section */
		61363F082C6DF55C009B98DD = {
			isa = PBXGroup;
			children = (
				61363F132C6DF55C009B98DD /* GitHubUsersListTest */,
				61363F122C6DF55C009B98DD /* Products */,
			);
			sourceTree = "<group>";
		};
		61363F122C6DF55C009B98DD /* Products */ = {
			isa = PBXGroup;
			children = (
				61363F112C6DF55C009B98DD /* GitHubUsersListTest.app */,
			);
			name = Products;
			sourceTree = "<group>";
		};
		61363F132C6DF55C009B98DD /* GitHubUsersListTest */ = {
			isa = PBXGroup;
			children = (
				61363F322C6ED80C009B98DD /* Utils */,
				61363F222C6DF839009B98DD /* Models */,
				61363F232C6DF851009B98DD /* Views */,
				61363F242C6DF857009B98DD /* ViewModels */,
				61363F142C6DF55C009B98DD /* GitHubUsersListTestApp.swift */,
				61363F162C6DF55C009B98DD /* ContentView.swift */,
				61363F182C6DF55F009B98DD /* Assets.xcassets */,
				61363F1A2C6DF55F009B98DD /* Preview Content */,
			);
			path = GitHubUsersListTest;
			sourceTree = "<group>";
		};
		61363F1A2C6DF55F009B98DD /* Preview Content */ = {
			isa = PBXGroup;
			children = (
				61363F1B2C6DF55F009B98DD /* Preview Assets.xcassets */,
			);
			path = "Preview Content";
			sourceTree = "<group>";
		};
		61363F222C6DF839009B98DD /* Models */ = {
			isa = PBXGroup;
			children = (
				61363F252C6DF88F009B98DD /* GitHubUser.swift */,
				61363F2B2C6E0D72009B98DD /* GitHubUserDetail.swift */,
			);
			path = Models;
			sourceTree = "<group>";
		};
		61363F232C6DF851009B98DD /* Views */ = {
			isa = PBXGroup;
			children = (
				61363F2F2C6E0E56009B98DD /* GitHubUserDetailView.swift */,
			);
			path = Views;
			sourceTree = "<group>";
		};
		61363F242C6DF857009B98DD /* ViewModels */ = {
			isa = PBXGroup;
			children = (
				61363F292C6E0CDA009B98DD /* GitHubUserViewModel.swift */,
				61363F2D2C6E0DC5009B98DD /* GitHubUserDetailViewModel.swift */,
			);
			path = ViewModels;
			sourceTree = "<group>";
		};
		61363F322C6ED80C009B98DD /* Utils */ = {
			isa = PBXGroup;
			children = (
				61363F332C6ED821009B98DD /* NetworkMonitor.swift */,
			);
			path = Utils;
			sourceTree = "<group>";
		};
/* End PBXGroup section */

/* Begin PBXNativeTarget section */
		61363F102C6DF55C009B98DD /* GitHubUsersListTest */ = {
			isa = PBXNativeTarget;
			buildConfigurationList = 61363F1F2C6DF55F009B98DD /* Build configuration list for PBXNativeTarget "GitHubUsersListTest" */;
			buildPhases = (
				61363F0D2C6DF55C009B98DD /* Sources */,
				61363F0E2C6DF55C009B98DD /* Frameworks */,
				61363F0F2C6DF55C009B98DD /* Resources */,
			);
			buildRules = (
			);
			dependencies = (
			);
			name = GitHubUsersListTest;
			productName = GitHubUsersListTest;
			productReference = 61363F112C6DF55C009B98DD /* GitHubUsersListTest.app */;
			productType = "com.apple.product-type.application";
		};
/* End PBXNativeTarget section */

/* Begin PBXProject section */
		61363F092C6DF55C009B98DD /* Project object */ = {
			isa = PBXProject;
			attributes = {
				BuildIndependentTargetsInParallel = 1;
				LastSwiftUpdateCheck = 1540;
				LastUpgradeCheck = 1540;
				TargetAttributes = {
					61363F102C6DF55C009B98DD = {
						CreatedOnToolsVersion = 15.4;
					};
				};
			};
			buildConfigurationList = 61363F0C2C6DF55C009B98DD /* Build configuration list for PBXProject "GitHubUsersListTest" */;
			compatibilityVersion = "Xcode 14.0";
			developmentRegion = en;
			hasScannedForEncodings = 0;
			knownRegions = (
				en,
				Base,
			);
			mainGroup = 61363F082C6DF55C009B98DD;
			productRefGroup = 61363F122C6DF55C009B98DD /* Products */;
			projectDirPath = "";
			projectRoot = "";
			targets = (
				61363F102C6DF55C009B98DD /* GitHubUsersListTest */,
			);
		};
/* End PBXProject section */

/* Begin PBXResourcesBuildPhase section */
		61363F0F2C6DF55C009B98DD /* Resources */ = {
			isa = PBXResourcesBuildPhase;
			buildActionMask = 2147483647;
			files = (
				61363F1C2C6DF55F009B98DD /* Preview Assets.xcassets in Resources */,
				61363F192C6DF55F009B98DD /* Assets.xcassets in Resources */,
			);
			runOnlyForDeploymentPostprocessing = 0;
		};
/* End PBXResourcesBuildPhase section */

/* Begin PBXSourcesBuildPhase section */
		61363F0D2C6DF55C009B98DD /* Sources */ = {
			isa = PBXSourcesBuildPhase;
			buildActionMask = 2147483647;
			files = (
				61363F262C6DF88F009B98DD /* GitHubUser.swift in Sources */,
				61363F342C6ED821009B98DD /* NetworkMonitor.swift in Sources */,
				61363F172C6DF55C009B98DD /* ContentView.swift in Sources */,
				61363F302C6E0E56009B98DD /* GitHubUserDetailView.swift in Sources */,
				61363F2A2C6E0CDA009B98DD /* GitHubUserViewModel.swift in Sources */,
				61363F2C2C6E0D72009B98DD /* GitHubUserDetail.swift in Sources */,
				61363F152C6DF55C009B98DD /* GitHubUsersListTestApp.swift in Sources */,
				61363F2E2C6E0DC5009B98DD /* GitHubUserDetailViewModel.swift in Sources */,
			);
			runOnlyForDeploymentPostprocessing = 0;
		};
/* End PBXSourcesBuildPhase section */

/* Begin XCBuildConfiguration section */
		61363F1D2C6DF55F009B98DD /* Debug */ = {
			isa = XCBuildConfiguration;
			buildSettings = {
				ALWAYS_SEARCH_USER_PATHS = NO;
				ASSETCATALOG_COMPILER_GENERATE_SWIFT_ASSET_SYMBOL_EXTENSIONS = YES;
				CLANG_ANALYZER_NONNULL = YES;
				CLANG_ANALYZER_NUMBER_OBJECT_CONVERSION = YES_AGGRESSIVE;
				CLANG_CXX_LANGUAGE_STANDARD = "gnu++20";
				CLANG_ENABLE_MODULES = YES;
				CLANG_ENABLE_OBJC_ARC = YES;
				CLANG_ENABLE_OBJC_WEAK = YES;
				CLANG_WARN_BLOCK_CAPTURE_AUTORELEASING = YES;
				CLANG_WARN_BOOL_CONVERSION = YES;
				CLANG_WARN_COMMA = YES;
				CLANG_WARN_CONSTANT_CONVERSION = YES;
				CLANG_WARN_DEPRECATED_OBJC_IMPLEMENTATIONS = YES;
				CLANG_WARN_DIRECT_OBJC_ISA_USAGE = YES_ERROR;
				CLANG_WARN_DOCUMENTATION_COMMENTS = YES;
				CLANG_WARN_EMPTY_BODY = YES;
				CLANG_WARN_ENUM_CONVERSION = YES;
				CLANG_WARN_INFINITE_RECURSION = YES;
				CLANG_WARN_INT_CONVERSION = YES;
				CLANG_WARN_NON_LITERAL_NULL_CONVERSION = YES;
				CLANG_WARN_OBJC_IMPLICIT_RETAIN_SELF = YES;
				CLANG_WARN_OBJC_LITERAL_CONVERSION = YES;
				CLANG_WARN_OBJC_ROOT_CLASS = YES_ERROR;
				CLANG_WARN_QUOTED_INCLUDE_IN_FRAMEWORK_HEADER = YES;
				CLANG_WARN_RANGE_LOOP_ANALYSIS = YES;
				CLANG_WARN_STRICT_PROTOTYPES = YES;
				CLANG_WARN_SUSPICIOUS_MOVE = YES;
				CLANG_WARN_UNGUARDED_AVAILABILITY = YES_AGGRESSIVE;
				CLANG_WARN_UNREACHABLE_CODE = YES;
				CLANG_WARN__DUPLICATE_METHOD_MATCH = YES;
				COPY_PHASE_STRIP = NO;
				DEBUG_INFORMATION_FORMAT = dwarf;
				ENABLE_STRICT_OBJC_MSGSEND = YES;
				ENABLE_TESTABILITY = YES;
				ENABLE_USER_SCRIPT_SANDBOXING = YES;
				GCC_C_LANGUAGE_STANDARD = gnu17;
				GCC_DYNAMIC_NO_PIC = NO;
				GCC_NO_COMMON_BLOCKS = YES;
				GCC_OPTIMIZATION_LEVEL = 0;
				GCC_PREPROCESSOR_DEFINITIONS = (
					"DEBUG=1",
					"$(inherited)",
				);
				GCC_WARN_64_TO_32_BIT_CONVERSION = YES;
				GCC_WARN_ABOUT_RETURN_TYPE = YES_ERROR;
				GCC_WARN_UNDECLARED_SELECTOR = YES;
				GCC_WARN_UNINITIALIZED_AUTOS = YES_AGGRESSIVE;
				GCC_WARN_UNUSED_FUNCTION = YES;
				GCC_WARN_UNUSED_VARIABLE = YES;
				IPHONEOS_DEPLOYMENT_TARGET = 17.5;
				LOCALIZATION_PREFERS_STRING_CATALOGS = YES;
				MTL_ENABLE_DEBUG_INFO = INCLUDE_SOURCE;
				MTL_FAST_MATH = YES;
				ONLY_ACTIVE_ARCH = YES;
				SDKROOT = iphoneos;
				SWIFT_ACTIVE_COMPILATION_CONDITIONS = "DEBUG $(inherited)";
				SWIFT_OPTIMIZATION_LEVEL = "-Onone";
			};
			name = Debug;
		};
		61363F1E2C6DF55F009B98DD /* Release */ = {
			isa = XCBuildConfiguration;
			buildSettings = {
				ALWAYS_SEARCH_USER_PATHS = NO;
				ASSETCATALOG_COMPILER_GENERATE_SWIFT_ASSET_SYMBOL_EXTENSIONS = YES;
				CLANG_ANALYZER_NONNULL = YES;
				CLANG_ANALYZER_NUMBER_OBJECT_CONVERSION = YES_AGGRESSIVE;
				CLANG_CXX_LANGUAGE_STANDARD = "gnu++20";
				CLANG_ENABLE_MODULES = YES;
				CLANG_ENABLE_OBJC_ARC = YES;
				CLANG_ENABLE_OBJC_WEAK = YES;
				CLANG_WARN_BLOCK_CAPTURE_AUTORELEASING = YES;
				CLANG_WARN_BOOL_CONVERSION = YES;
				CLANG_WARN_COMMA = YES;
				CLANG_WARN_CONSTANT_CONVERSION = YES;
				CLANG_WARN_DEPRECATED_OBJC_IMPLEMENTATIONS = YES;
				CLANG_WARN_DIRECT_OBJC_ISA_USAGE = YES_ERROR;
				CLANG_WARN_DOCUMENTATION_COMMENTS = YES;
				CLANG_WARN_EMPTY_BODY = YES;
				CLANG_WARN_ENUM_CONVERSION = YES;
				CLANG_WARN_INFINITE_RECURSION = YES;
				CLANG_WARN_INT_CONVERSION = YES;
				CLANG_WARN_NON_LITERAL_NULL_CONVERSION = YES;
				CLANG_WARN_OBJC_IMPLICIT_RETAIN_SELF = YES;
				CLANG_WARN_OBJC_LITERAL_CONVERSION = YES;
				CLANG_WARN_OBJC_ROOT_CLASS = YES_ERROR;
				CLANG_WARN_QUOTED_INCLUDE_IN_FRAMEWORK_HEADER = YES;
				CLANG_WARN_RANGE_LOOP_ANALYSIS = YES;
				CLANG_WARN_STRICT_PROTOTYPES = YES;
				CLANG_WARN_SUSPICIOUS_MOVE = YES;
				CLANG_WARN_UNGUARDED_AVAILABILITY = YES_AGGRESSIVE;
				CLANG_WARN_UNREACHABLE_CODE = YES;
				CLANG_WARN__DUPLICATE_METHOD_MATCH = YES;
				COPY_PHASE_STRIP = NO;
				DEBUG_INFORMATION_FORMAT = "dwarf-with-dsym";
				ENABLE_NS_ASSERTIONS = NO;
				ENABLE_STRICT_OBJC_MSGSEND = YES;
				ENABLE_USER_SCRIPT_SANDBOXING = YES;
				GCC_C_LANGUAGE_STANDARD = gnu17;
				GCC_NO_COMMON_BLOCKS = YES;
				GCC_WARN_64_TO_32_BIT_CONVERSION = YES;
				GCC_WARN_ABOUT_RETURN_TYPE = YES_ERROR;
				GCC_WARN_UNDECLARED_SELECTOR = YES;
				GCC_WARN_UNINITIALIZED_AUTOS = YES_AGGRESSIVE;
				GCC_WARN_UNUSED_FUNCTION = YES;
				GCC_WARN_UNUSED_VARIABLE = YES;
				IPHONEOS_DEPLOYMENT_TARGET = 17.5;
				LOCALIZATION_PREFERS_STRING_CATALOGS = YES;
				MTL_ENABLE_DEBUG_INFO = NO;
				MTL_FAST_MATH = YES;
				SDKROOT = iphoneos;
				SWIFT_COMPILATION_MODE = wholemodule;
				VALIDATE_PRODUCT = YES;
			};
			name = Release;
		};
		61363F202C6DF55F009B98DD /* Debug */ = {
			isa = XCBuildConfiguration;
			buildSettings = {
				ASSETCATALOG_COMPILER_APPICON_NAME = AppIcon;
				ASSETCATALOG_COMPILER_GLOBAL_ACCENT_COLOR_NAME = AccentColor;
				CODE_SIGN_STYLE = Automatic;
				CURRENT_PROJECT_VERSION = 1;
				DEVELOPMENT_ASSET_PATHS = "\"GitHubUsersListTest/Preview Content\"";
				DEVELOPMENT_TEAM = 47FW64ELK7;
				ENABLE_PREVIEWS = YES;
				GENERATE_INFOPLIST_FILE = YES;
				INFOPLIST_KEY_UIApplicationSceneManifest_Generation = YES;
				INFOPLIST_KEY_UIApplicationSupportsIndirectInputEvents = YES;
				INFOPLIST_KEY_UILaunchScreen_Generation = YES;
				INFOPLIST_KEY_UISupportedInterfaceOrientations_iPad = "UIInterfaceOrientationPortrait UIInterfaceOrientationPortraitUpsideDown UIInterfaceOrientationLandscapeLeft UIInterfaceOrientationLandscapeRight";
				INFOPLIST_KEY_UISupportedInterfaceOrientations_iPhone = "UIInterfaceOrientationPortrait UIInterfaceOrientationLandscapeLeft UIInterfaceOrientationLandscapeRight";
				LD_RUNPATH_SEARCH_PATHS = (
					"$(inherited)",
					"@executable_path/Frameworks",
				);
				MARKETING_VERSION = 1.0;
				PRODUCT_BUNDLE_IDENTIFIER = justsw.tonypeng.GitHubUsersListTest;
				PRODUCT_NAME = "$(TARGET_NAME)";
				SWIFT_EMIT_LOC_STRINGS = YES;
				SWIFT_VERSION = 5.0;
				TARGETED_DEVICE_FAMILY = "1,2";
			};
			name = Debug;
		};
		61363F212C6DF55F009B98DD /* Release */ = {
			isa = XCBuildConfiguration;
			buildSettings = {
				ASSETCATALOG_COMPILER_APPICON_NAME = AppIcon;
				ASSETCATALOG_COMPILER_GLOBAL_ACCENT_COLOR_NAME = AccentColor;
				CODE_SIGN_STYLE = Automatic;
				CURRENT_PROJECT_VERSION = 1;
				DEVELOPMENT_ASSET_PATHS = "\"GitHubUsersListTest/Preview Content\"";
				DEVELOPMENT_TEAM = 47FW64ELK7;
				ENABLE_PREVIEWS = YES;
				GENERATE_INFOPLIST_FILE = YES;
				INFOPLIST_KEY_UIApplicationSceneManifest_Generation = YES;
				INFOPLIST_KEY_UIApplicationSupportsIndirectInputEvents = YES;
				INFOPLIST_KEY_UILaunchScreen_Generation = YES;
				INFOPLIST_KEY_UISupportedInterfaceOrientations_iPad = "UIInterfaceOrientationPortrait UIInterfaceOrientationPortraitUpsideDown UIInterfaceOrientationLandscapeLeft UIInterfaceOrientationLandscapeRight";
				INFOPLIST_KEY_UISupportedInterfaceOrientations_iPhone = "UIInterfaceOrientationPortrait UIInterfaceOrientationLandscapeLeft UIInterfaceOrientationLandscapeRight";
				LD_RUNPATH_SEARCH_PATHS = (
					"$(inherited)",
					"@executable_path/Frameworks",
				);
				MARKETING_VERSION = 1.0;
				PRODUCT_BUNDLE_IDENTIFIER = justsw.tonypeng.GitHubUsersListTest;
				PRODUCT_NAME = "$(TARGET_NAME)";
				SWIFT_EMIT_LOC_STRINGS = YES;
				SWIFT_VERSION = 5.0;
				TARGETED_DEVICE_FAMILY = "1,2";
			};
			name = Release;
		};
/* End XCBuildConfiguration section */

/* Begin XCConfigurationList section */
		61363F0C2C6DF55C009B98DD /* Build configuration list for PBXProject "GitHubUsersListTest" */ = {
			isa = XCConfigurationList;
			buildConfigurations = (
				61363F1D2C6DF55F009B98DD /* Debug */,
				61363F1E2C6DF55F009B98DD /* Release */,
			);
			defaultConfigurationIsVisible = 0;
			defaultConfigurationName = Release;
		};
		61363F1F2C6DF55F009B98DD /* Build configuration list for PBXNativeTarget "GitHubUsersListTest" */ = {
			isa = XCConfigurationList;
			buildConfigurations = (
				61363F202C6DF55F009B98DD /* Debug */,
				61363F212C6DF55F009B98DD /* Release */,
			);
			defaultConfigurationIsVisible = 0;
			defaultConfigurationName = Release;
		};
/* End XCConfigurationList section */
	};
	rootObject = 61363F092C6DF55C009B98DD /* Project object */;
}
